
Microsoft Visual Studio Solution File, Format Version 12.00
# Visual Studio Version 16
VisualStudioVersion = 16.0.30011.22
MinimumVisualStudioVersion = 10.0.40219.1
Project("{FAE04EC0-301F-11D3-BF4B-00C04F79EFBC}") = "Pearlrock Z-Score Momentum v1", "Pearlrock Z-Score Momentum v1\Pearlrock Z-Score Momentum v1.csproj", "{49ccf91d-b4ba-4dd8-bb6c-1c2731a7b4eb}"
EndProject
Global
	GlobalSection(SolutionConfigurationPlatforms) = preSolution
		Debug|Any CPU = Debug|Any CPU
		Release|Any CPU = Release|Any CPU
	EndGlobalSection
	GlobalSection(ProjectConfigurationPlatforms) = postSolution
		{49ccf91d-b4ba-4dd8-bb6c-1c2731a7b4eb}.Debug|Any CPU.ActiveCfg = Debug|Any CPU
		{49ccf91d-b4ba-4dd8-bb6c-1c2731a7b4eb}.Debug|Any CPU.Build.0 = Debug|Any CPU
		{49ccf91d-b4ba-4dd8-bb6c-1c2731a7b4eb}.Release|Any CPU.ActiveCfg = Release|Any CPU
		{49ccf91d-b4ba-4dd8-bb6c-1c2731a7b4eb}.Release|Any CPU.Build.0 = Release|Any CPU
	EndGlobalSection
	GlobalSection(SolutionProperties) = preSolution
		HideSolutionNode = FALSE
	EndGlobalSection
EndGlobal
